
Microsoft Visual Studio Solution File, Format Version 12.00
# Visual Studio Version 16
VisualStudioVersion = 16.0.30204.135
MinimumVisualStudioVersion = 10.0.40219.1
Project("{9A19103F-16F7-4668-BE54-9A1E7A4F7556}") = "ElasticQuery.Exporter", "Exporter\ElasticQuery.Exporter.csproj", "{EB62C064-E629-489F-8673-42CBCFAA9CA4}"
EndProject
Project("{2150E333-8FDC-42A3-9474-1A3956D46DE8}") = ".git", ".git", "{7AFB1EC6-CA85-4308-84B9-65CC5C1644A1}"
	ProjectSection(SolutionItems) = preProject
		..\.gitattributes = ..\.gitattributes
		..\.gitignore = ..\.gitignore
	EndProjectSection
EndProject
Global
	GlobalSection(SolutionConfigurationPlatforms) = preSolution
		Debug|Any CPU = Debug|Any CPU
		Release|Any CPU = Release|Any CPU
	EndGlobalSection
	GlobalSection(ProjectConfigurationPlatforms) = postSolution
		{EB62C064-E629-489F-8673-42CBCFAA9CA4}.Debug|Any CPU.ActiveCfg = Debug|Any CPU
		{EB62C064-E629-489F-8673-42CBCFAA9CA4}.Debug|Any CPU.Build.0 = Debug|Any CPU
		{EB62C064-E629-489F-8673-42CBCFAA9CA4}.Release|Any CPU.ActiveCfg = Release|Any CPU
		{EB62C064-E629-489F-8673-42CBCFAA9CA4}.Release|Any CPU.Build.0 = Release|Any CPU
	EndGlobalSection
	GlobalSection(SolutionProperties) = preSolution
		HideSolutionNode = FALSE
	EndGlobalSection
	GlobalSection(ExtensibilityGlobals) = postSolution
		SolutionGuid = {446B25B1-12CC-4E45-83F1-D1325A991345}
	EndGlobalSection
EndGlobal
